// !$*UTF8*$!
{
	archiveVersion = 1;
	classes = {
	};
	objectVersion = 46;
	objects = {

/* Begin PBXBuildFile section */
		D42152571B17A22000CF6F96 /* kgGraphViewController.m in Sources */ = {isa = PBXBuildFile; fileRef = D42152561B17A22000CF6F96 /* kgGraphViewController.m */; };
		D474345C1B1A767400B7E58C /* kgGlobalData.m in Sources */ = {isa = PBXBuildFile; fileRef = D474345B1B1A767400B7E58C /* kgGlobalData.m */; };
		D4B1DB271B0EB43300E08D12 /* Foundation.framework in Frameworks */ = {isa = PBXBuildFile; fileRef = D4B1DB261B0EB43300E08D12 /* Foundation.framework */; };
		D4B1DB291B0EB43300E08D12 /* CoreGraphics.framework in Frameworks */ = {isa = PBXBuildFile; fileRef = D4B1DB281B0EB43300E08D12 /* CoreGraphics.framework */; };
		D4B1DB2B1B0EB43300E08D12 /* UIKit.framework in Frameworks */ = {isa = PBXBuildFile; fileRef = D4B1DB2A1B0EB43300E08D12 /* UIKit.framework */; };
		D4B1DB311B0EB43300E08D12 /* InfoPlist.strings in Resources */ = {isa = PBXBuildFile; fileRef = D4B1DB2F1B0EB43300E08D12 /* InfoPlist.strings */; };
		D4B1DB331B0EB43300E08D12 /* main.m in Sources */ = {isa = PBXBuildFile; fileRef = D4B1DB321B0EB43300E08D12 /* main.m */; };
		D4B1DB371B0EB43300E08D12 /* kgAppDelegate.m in Sources */ = {isa = PBXBuildFile; fileRef = D4B1DB361B0EB43300E08D12 /* kgAppDelegate.m */; };
		D4B1DB3A1B0EB43300E08D12 /* Main.storyboard in Resources */ = {isa = PBXBuildFile; fileRef = D4B1DB381B0EB43300E08D12 /* Main.storyboard */; };
		D4B1DB3D1B0EB43300E08D12 /* kgFirstViewController.m in Sources */ = {isa = PBXBuildFile; fileRef = D4B1DB3C1B0EB43300E08D12 /* kgFirstViewController.m */; };
		D4B1DB401B0EB43300E08D12 /* kgSecondViewController.m in Sources */ = {isa = PBXBuildFile; fileRef = D4B1DB3F1B0EB43300E08D12 /* kgSecondViewController.m */; };
		D4B1DB421B0EB43300E08D12 /* Images.xcassets in Resources */ = {isa = PBXBuildFile; fileRef = D4B1DB411B0EB43300E08D12 /* Images.xcassets */; };
		D4B1DB491B0EB43300E08D12 /* XCTest.framework in Frameworks */ = {isa = PBXBuildFile; fileRef = D4B1DB481B0EB43300E08D12 /* XCTest.framework */; };
		D4B1DB4A1B0EB43300E08D12 /* Foundation.framework in Frameworks */ = {isa = PBXBuildFile; fileRef = D4B1DB261B0EB43300E08D12 /* Foundation.framework */; };
		D4B1DB4B1B0EB43300E08D12 /* UIKit.framework in Frameworks */ = {isa = PBXBuildFile; fileRef = D4B1DB2A1B0EB43300E08D12 /* UIKit.framework */; };
		D4B1DB531B0EB43300E08D12 /* InfoPlist.strings in Resources */ = {isa = PBXBuildFile; fileRef = D4B1DB511B0EB43300E08D12 /* InfoPlist.strings */; };
		D4B1DB551B0EB43300E08D12 /* RegressionAnalyticsTests.m in Sources */ = {isa = PBXBuildFile; fileRef = D4B1DB541B0EB43300E08D12 /* RegressionAnalyticsTests.m */; };
		D4B436E01B0FD25A00D8E145 /* kgRegression.m in Sources */ = {isa = PBXBuildFile; fileRef = D4B436DF1B0FD25A00D8E145 /* kgRegression.m */; };
/* End PBXBuildFile section */

/* Begin PBXContainerItemProxy section */
		D4B1DB4C1B0EB43300E08D12 /* PBXContainerItemProxy */ = {
			isa = PBXContainerItemProxy;
			containerPortal = D4B1DB1B1B0EB43300E08D12 /* Project object */;
			proxyType = 1;
			remoteGlobalIDString = D4B1DB221B0EB43300E08D12;
			remoteInfo = RegressionAnalytics;
		};
/* End PBXContainerItemProxy section */

/* Begin PBXFileReference section */
		D42152551B17A22000CF6F96 /* kgGraphViewController.h */ = {isa = PBXFileReference; fileEncoding = 4; lastKnownFileType = sourcecode.c.h; path = kgGraphViewController.h; sourceTree = "<group>"; };
		D42152561B17A22000CF6F96 /* kgGraphViewController.m */ = {isa = PBXFileReference; fileEncoding = 4; lastKnownFileType = sourcecode.c.objc; path = kgGraphViewController.m; sourceTree = "<group>"; };
		D474345A1B1A767400B7E58C /* kgGlobalData.h */ = {isa = PBXFileReference; fileEncoding = 4; lastKnownFileType = sourcecode.c.h; path = kgGlobalData.h; sourceTree = "<group>"; };
		D474345B1B1A767400B7E58C /* kgGlobalData.m */ = {isa = PBXFileReference; fileEncoding = 4; lastKnownFileType = sourcecode.c.objc; path = kgGlobalData.m; sourceTree = "<group>"; };
		D4B1DB231B0EB43300E08D12 /* RegressionAnalytics.app */ = {isa = PBXFileReference; explicitFileType = wrapper.application; includeInIndex = 0; path = RegressionAnalytics.app; sourceTree = BUILT_PRODUCTS_DIR; };
		D4B1DB261B0EB43300E08D12 /* Foundation.framework */ = {isa = PBXFileReference; lastKnownFileType = wrapper.framework; name = Foundation.framework; path = System/Library/Frameworks/Foundation.framework; sourceTree = SDKROOT; };
		D4B1DB281B0EB43300E08D12 /* CoreGraphics.framework */ = {isa = PBXFileReference; lastKnownFileType = wrapper.framework; name = CoreGraphics.framework; path = System/Library/Frameworks/CoreGraphics.framework; sourceTree = SDKROOT; };
		D4B1DB2A1B0EB43300E08D12 /* UIKit.framework */ = {isa = PBXFileReference; lastKnownFileType = wrapper.framework; name = UIKit.framework; path = System/Library/Frameworks/UIKit.framework; sourceTree = SDKROOT; };
		D4B1DB2E1B0EB43300E08D12 /* RegressionAnalytics-Info.plist */ = {isa = PBXFileReference; lastKnownFileType = text.plist.xml; path = "RegressionAnalytics-Info.plist"; sourceTree = "<group>"; };
		D4B1DB301B0EB43300E08D12 /* en */ = {isa = PBXFileReference; lastKnownFileType = text.plist.strings; name = en; path = en.lproj/InfoPlist.strings; sourceTree = "<group>"; };
		D4B1DB321B0EB43300E08D12 /* main.m */ = {isa = PBXFileReference; lastKnownFileType = sourcecode.c.objc; path = main.m; sourceTree = "<group>"; };
		D4B1DB341B0EB43300E08D12 /* RegressionAnalytics-Prefix.pch */ = {isa = PBXFileReference; lastKnownFileType = sourcecode.c.h; path = "RegressionAnalytics-Prefix.pch"; sourceTree = "<group>"; };
		D4B1DB351B0EB43300E08D12 /* kgAppDelegate.h */ = {isa = PBXFileReference; lastKnownFileType = sourcecode.c.h; path = kgAppDelegate.h; sourceTree = "<group>"; };
		D4B1DB361B0EB43300E08D12 /* kgAppDelegate.m */ = {isa = PBXFileReference; lastKnownFileType = sourcecode.c.objc; path = kgAppDelegate.m; sourceTree = "<group>"; };
		D4B1DB391B0EB43300E08D12 /* Base */ = {isa = PBXFileReference; lastKnownFileType = file.storyboard; name = Base; path = Base.lproj/Main.storyboard; sourceTree = "<group>"; };
		D4B1DB3B1B0EB43300E08D12 /* kgFirstViewController.h */ = {isa = PBXFileReference; lastKnownFileType = sourcecode.c.h; path = kgFirstViewController.h; sourceTree = "<group>"; };
		D4B1DB3C1B0EB43300E08D12 /* kgFirstViewController.m */ = {isa = PBXFileReference; lastKnownFileType = sourcecode.c.objc; path = kgFirstViewController.m; sourceTree = "<group>"; };
		D4B1DB3E1B0EB43300E08D12 /* kgSecondViewController.h */ = {isa = PBXFileReference; lastKnownFileType = sourcecode.c.h; path = kgSecondViewController.h; sourceTree = "<group>"; };
		D4B1DB3F1B0EB43300E08D12 /* kgSecondViewController.m */ = {isa = PBXFileReference; lastKnownFileType = sourcecode.c.objc; path = kgSecondViewController.m; sourceTree = "<group>"; };
		D4B1DB411B0EB43300E08D12 /* Images.xcassets */ = {isa = PBXFileReference; lastKnownFileType = folder.assetcatalog; path = Images.xcassets; sourceTree = "<group>"; };
		D4B1DB471B0EB43300E08D12 /* RegressionAnalyticsTests.xctest */ = {isa = PBXFileReference; explicitFileType = wrapper.cfbundle; includeInIndex = 0; path = RegressionAnalyticsTests.xctest; sourceTree = BUILT_PRODUCTS_DIR; };
		D4B1DB481B0EB43300E08D12 /* XCTest.framework */ = {isa = PBXFileReference; lastKnownFileType = wrapper.framework; name = XCTest.framework; path = Library/Frameworks/XCTest.framework; sourceTree = DEVELOPER_DIR; };
		D4B1DB501B0EB43300E08D12 /* RegressionAnalyticsTests-Info.plist */ = {isa = PBXFileReference; lastKnownFileType = text.plist.xml; path = "RegressionAnalyticsTests-Info.plist"; sourceTree = "<group>"; };
		D4B1DB521B0EB43300E08D12 /* en */ = {isa = PBXFileReference; lastKnownFileType = text.plist.strings; name = en; path = en.lproj/InfoPlist.strings; sourceTree = "<group>"; };
		D4B1DB541B0EB43300E08D12 /* RegressionAnalyticsTests.m */ = {isa = PBXFileReference; lastKnownFileType = sourcecode.c.objc; path = RegressionAnalyticsTests.m; sourceTree = "<group>"; };
		D4B436DE1B0FD25A00D8E145 /* kgRegression.h */ = {isa = PBXFileReference; fileEncoding = 4; lastKnownFileType = sourcecode.c.h; path = kgRegression.h; sourceTree = "<group>"; };
		D4B436DF1B0FD25A00D8E145 /* kgRegression.m */ = {isa = PBXFileReference; fileEncoding = 4; lastKnownFileType = sourcecode.c.objc; path = kgRegression.m; sourceTree = "<group>"; };
/* End PBXFileReference section */

/* Begin PBXFrameworksBuildPhase section */
		D4B1DB201B0EB43300E08D12 /* Frameworks */ = {
			isa = PBXFrameworksBuildPhase;
			buildActionMask = 2147483647;
			files = (
				D4B1DB291B0EB43300E08D12 /* CoreGraphics.framework in Frameworks */,
				D4B1DB2B1B0EB43300E08D12 /* UIKit.framework in Frameworks */,
				D4B1DB271B0EB43300E08D12 /* Foundation.framework in Frameworks */,
			);
			runOnlyForDeploymentPostprocessing = 0;
		};
		D4B1DB441B0EB43300E08D12 /* Frameworks */ = {
			isa = PBXFrameworksBuildPhase;
			buildActionMask = 2147483647;
			files = (
				D4B1DB491B0EB43300E08D12 /* XCTest.framework in Frameworks */,
				D4B1DB4B1B0EB43300E08D12 /* UIKit.framework in Frameworks */,
				D4B1DB4A1B0EB43300E08D12 /* Foundation.framework in Frameworks */,
			);
			runOnlyForDeploymentPostprocessing = 0;
		};
/* End PBXFrameworksBuildPhase section */

/* Begin PBXGroup section */
		D4B1DB1A1B0EB43300E08D12 = {
			isa = PBXGroup;
			children = (
				D4B1DB2C1B0EB43300E08D12 /* RegressionAnalytics */,
				D4B1DB4E1B0EB43300E08D12 /* RegressionAnalyticsTests */,
				D4B1DB251B0EB43300E08D12 /* Frameworks */,
				D4B1DB241B0EB43300E08D12 /* Products */,
			);
			sourceTree = "<group>";
		};
		D4B1DB241B0EB43300E08D12 /* Products */ = {
			isa = PBXGroup;
			children = (
				D4B1DB231B0EB43300E08D12 /* RegressionAnalytics.app */,
				D4B1DB471B0EB43300E08D12 /* RegressionAnalyticsTests.xctest */,
			);
			name = Products;
			sourceTree = "<group>";
		};
		D4B1DB251B0EB43300E08D12 /* Frameworks */ = {
			isa = PBXGroup;
			children = (
				D4B1DB261B0EB43300E08D12 /* Foundation.framework */,
				D4B1DB281B0EB43300E08D12 /* CoreGraphics.framework */,
				D4B1DB2A1B0EB43300E08D12 /* UIKit.framework */,
				D4B1DB481B0EB43300E08D12 /* XCTest.framework */,
			);
			name = Frameworks;
			sourceTree = "<group>";
		};
		D4B1DB2C1B0EB43300E08D12 /* RegressionAnalytics */ = {
			isa = PBXGroup;
			children = (
				D4B1DB351B0EB43300E08D12 /* kgAppDelegate.h */,
				D4B1DB361B0EB43300E08D12 /* kgAppDelegate.m */,
				D4B1DB381B0EB43300E08D12 /* Main.storyboard */,
				D4B1DB3B1B0EB43300E08D12 /* kgFirstViewController.h */,
				D4B1DB3C1B0EB43300E08D12 /* kgFirstViewController.m */,
				D4B1DB3E1B0EB43300E08D12 /* kgSecondViewController.h */,
				D4B1DB3F1B0EB43300E08D12 /* kgSecondViewController.m */,
				D42152551B17A22000CF6F96 /* kgGraphViewController.h */,
				D42152561B17A22000CF6F96 /* kgGraphViewController.m */,
				D4B436DE1B0FD25A00D8E145 /* kgRegression.h */,
				D4B436DF1B0FD25A00D8E145 /* kgRegression.m */,
				D474345A1B1A767400B7E58C /* kgGlobalData.h */,
				D474345B1B1A767400B7E58C /* kgGlobalData.m */,
				D4B1DB411B0EB43300E08D12 /* Images.xcassets */,
				D4B1DB2D1B0EB43300E08D12 /* Supporting Files */,
			);
			path = RegressionAnalytics;
			sourceTree = "<group>";
		};
		D4B1DB2D1B0EB43300E08D12 /* Supporting Files */ = {
			isa = PBXGroup;
			children = (
				D4B1DB2E1B0EB43300E08D12 /* RegressionAnalytics-Info.plist */,
				D4B1DB2F1B0EB43300E08D12 /* InfoPlist.strings */,
				D4B1DB321B0EB43300E08D12 /* main.m */,
				D4B1DB341B0EB43300E08D12 /* RegressionAnalytics-Prefix.pch */,
			);
			name = "Supporting Files";
			sourceTree = "<group>";
		};
		D4B1DB4E1B0EB43300E08D12 /* RegressionAnalyticsTests */ = {
			isa = PBXGroup;
			children = (
				D4B1DB541B0EB43300E08D12 /* RegressionAnalyticsTests.m */,
				D4B1DB4F1B0EB43300E08D12 /* Supporting Files */,
			);
			path = RegressionAnalyticsTests;
			sourceTree = "<group>";
		};
		D4B1DB4F1B0EB43300E08D12 /* Supporting Files */ = {
			isa = PBXGroup;
			children = (
				D4B1DB501B0EB43300E08D12 /* RegressionAnalyticsTests-Info.plist */,
				D4B1DB511B0EB43300E08D12 /* InfoPlist.strings */,
			);
			name = "Supporting Files";
			sourceTree = "<group>";
		};
/* End PBXGroup section */

/* Begin PBXNativeTarget section */
		D4B1DB221B0EB43300E08D12 /* RegressionAnalytics */ = {
			isa = PBXNativeTarget;
			buildConfigurationList = D4B1DB581B0EB43300E08D12 /* Build configuration list for PBXNativeTarget "RegressionAnalytics" */;
			buildPhases = (
				D4B1DB1F1B0EB43300E08D12 /* Sources */,
				D4B1DB201B0EB43300E08D12 /* Frameworks */,
				D4B1DB211B0EB43300E08D12 /* Resources */,
			);
			buildRules = (
			);
			dependencies = (
			);
			name = RegressionAnalytics;
			productName = RegressionAnalytics;
			productReference = D4B1DB231B0EB43300E08D12 /* RegressionAnalytics.app */;
			productType = "com.apple.product-type.application";
		};
		D4B1DB461B0EB43300E08D12 /* RegressionAnalyticsTests */ = {
			isa = PBXNativeTarget;
			buildConfigurationList = D4B1DB5B1B0EB43300E08D12 /* Build configuration list for PBXNativeTarget "RegressionAnalyticsTests" */;
			buildPhases = (
				D4B1DB431B0EB43300E08D12 /* Sources */,
				D4B1DB441B0EB43300E08D12 /* Frameworks */,
				D4B1DB451B0EB43300E08D12 /* Resources */,
			);
			buildRules = (
			);
			dependencies = (
				D4B1DB4D1B0EB43300E08D12 /* PBXTargetDependency */,
			);
			name = RegressionAnalyticsTests;
			productName = RegressionAnalyticsTests;
			productReference = D4B1DB471B0EB43300E08D12 /* RegressionAnalyticsTests.xctest */;
			productType = "com.apple.product-type.bundle.unit-test";
		};
/* End PBXNativeTarget section */

/* Begin PBXProject section */
		D4B1DB1B1B0EB43300E08D12 /* Project object */ = {
			isa = PBXProject;
			attributes = {
				CLASSPREFIX = kg;
				LastUpgradeCheck = 0510;
				ORGANIZATIONNAME = __GrahamKellen__;
				TargetAttributes = {
					D4B1DB461B0EB43300E08D12 = {
						TestTargetID = D4B1DB221B0EB43300E08D12;
					};
				};
			};
			buildConfigurationList = D4B1DB1E1B0EB43300E08D12 /* Build configuration list for PBXProject "RegressionAnalytics" */;
			compatibilityVersion = "Xcode 3.2";
			developmentRegion = English;
			hasScannedForEncodings = 0;
			knownRegions = (
				en,
				Base,
			);
			mainGroup = D4B1DB1A1B0EB43300E08D12;
			productRefGroup = D4B1DB241B0EB43300E08D12 /* Products */;
			projectDirPath = "";
			projectRoot = "";
			targets = (
				D4B1DB221B0EB43300E08D12 /* RegressionAnalytics */,
				D4B1DB461B0EB43300E08D12 /* RegressionAnalyticsTests */,
			);
		};
/* End PBXProject section */

/* Begin PBXResourcesBuildPhase section */
		D4B1DB211B0EB43300E08D12 /* Resources */ = {
			isa = PBXResourcesBuildPhase;
			buildActionMask = 2147483647;
			files = (
				D4B1DB421B0EB43300E08D12 /* Images.xcassets in Resources */,
				D4B1DB311B0EB43300E08D12 /* InfoPlist.strings in Resources */,
				D4B1DB3A1B0EB43300E08D12 /* Main.storyboard in Resources */,
			);
			runOnlyForDeploymentPostprocessing = 0;
		};
		D4B1DB451B0EB43300E08D12 /* Resources */ = {
			isa = PBXResourcesBuildPhase;
			buildActionMask = 2147483647;
			files = (
				D4B1DB531B0EB43300E08D12 /* InfoPlist.strings in Resources */,
			);
			runOnlyForDeploymentPostprocessing = 0;
		};
/* End PBXResourcesBuildPhase section */

/* Begin PBXSourcesBuildPhase section */
		D4B1DB1F1B0EB43300E08D12 /* Sources */ = {
			isa = PBXSourcesBuildPhase;
			buildActionMask = 2147483647;
			files = (
				D4B1DB401B0EB43300E08D12 /* kgSecondViewController.m in Sources */,
				D4B1DB371B0EB43300E08D12 /* kgAppDelegate.m in Sources */,
				D474345C1B1A767400B7E58C /* kgGlobalData.m in Sources */,
				D4B1DB331B0EB43300E08D12 /* main.m in Sources */,
				D42152571B17A22000CF6F96 /* kgGraphViewController.m in Sources */,
				D4B1DB3D1B0EB43300E08D12 /* kgFirstViewController.m in Sources */,
				D4B436E01B0FD25A00D8E145 /* kgRegression.m in Sources */,
			);
			runOnlyForDeploymentPostprocessing = 0;
		};
		D4B1DB431B0EB43300E08D12 /* Sources */ = {
			isa = PBXSourcesBuildPhase;
			buildActionMask = 2147483647;
			files = (
				D4B1DB551B0EB43300E08D12 /* RegressionAnalyticsTests.m in Sources */,
			);
			runOnlyForDeploymentPostprocessing = 0;
		};
/* End PBXSourcesBuildPhase section */

/* Begin PBXTargetDependency section */
		D4B1DB4D1B0EB43300E08D12 /* PBXTargetDependency */ = {
			isa = PBXTargetDependency;
			target = D4B1DB221B0EB43300E08D12 /* RegressionAnalytics */;
			targetProxy = D4B1DB4C1B0EB43300E08D12 /* PBXContainerItemProxy */;
		};
/* End PBXTargetDependency section */

/* Begin PBXVariantGroup section */
		D4B1DB2F1B0EB43300E08D12 /* InfoPlist.strings */ = {
			isa = PBXVariantGroup;
			children = (
				D4B1DB301B0EB43300E08D12 /* en */,
			);
			name = InfoPlist.strings;
			sourceTree = "<group>";
		};
		D4B1DB381B0EB43300E08D12 /* Main.storyboard */ = {
			isa = PBXVariantGroup;
			children = (
				D4B1DB391B0EB43300E08D12 /* Base */,
			);
			name = Main.storyboard;
			sourceTree = "<group>";
		};
		D4B1DB511B0EB43300E08D12 /* InfoPlist.strings */ = {
			isa = PBXVariantGroup;
			children = (
				D4B1DB521B0EB43300E08D12 /* en */,
			);
			name = InfoPlist.strings;
			sourceTree = "<group>";
		};
/* End PBXVariantGroup section */

/* Begin XCBuildConfiguration section */
		D4B1DB561B0EB43300E08D12 /* Debug */ = {
			isa = XCBuildConfiguration;
			buildSettings = {
				ALWAYS_SEARCH_USER_PATHS = NO;
				CLANG_CXX_LANGUAGE_STANDARD = "gnu++0x";
				CLANG_CXX_LIBRARY = "libc++";
				CLANG_ENABLE_MODULES = YES;
				CLANG_ENABLE_OBJC_ARC = YES;
				CLANG_WARN_BOOL_CONVERSION = YES;
				CLANG_WARN_CONSTANT_CONVERSION = YES;
				CLANG_WARN_DIRECT_OBJC_ISA_USAGE = YES_ERROR;
				CLANG_WARN_EMPTY_BODY = YES;
				CLANG_WARN_ENUM_CONVERSION = YES;
				CLANG_WARN_INT_CONVERSION = YES;
				CLANG_WARN_OBJC_ROOT_CLASS = YES_ERROR;
				CLANG_WARN__DUPLICATE_METHOD_MATCH = YES;
				"CODE_SIGN_IDENTITY[sdk=iphoneos*]" = "iPhone Developer";
				COPY_PHASE_STRIP = NO;
				GCC_C_LANGUAGE_STANDARD = gnu99;
				GCC_DYNAMIC_NO_PIC = NO;
				GCC_OPTIMIZATION_LEVEL = 0;
				GCC_PREPROCESSOR_DEFINITIONS = (
					"DEBUG=1",
					"$(inherited)",
				);
				GCC_SYMBOLS_PRIVATE_EXTERN = NO;
				GCC_WARN_64_TO_32_BIT_CONVERSION = YES;
				GCC_WARN_ABOUT_RETURN_TYPE = YES_ERROR;
				GCC_WARN_UNDECLARED_SELECTOR = YES;
				GCC_WARN_UNINITIALIZED_AUTOS = YES_AGGRESSIVE;
				GCC_WARN_UNUSED_FUNCTION = YES;
				GCC_WARN_UNUSED_VARIABLE = YES;
				IPHONEOS_DEPLOYMENT_TARGET = 7.1;
				ONLY_ACTIVE_ARCH = YES;
				SDKROOT = iphoneos;
			};
			name = Debug;
		};
		D4B1DB571B0EB43300E08D12 /* Release */ = {
			isa = XCBuildConfiguration;
			buildSettings = {
				ALWAYS_SEARCH_USER_PATHS = NO;
				CLANG_CXX_LANGUAGE_STANDARD = "gnu++0x";
				CLANG_CXX_LIBRARY = "libc++";
				CLANG_ENABLE_MODULES = YES;
				CLANG_ENABLE_OBJC_ARC = YES;
				CLANG_WARN_BOOL_CONVERSION = YES;
				CLANG_WARN_CONSTANT_CONVERSION = YES;
				CLANG_WARN_DIRECT_OBJC_ISA_USAGE = YES_ERROR;
				CLANG_WARN_EMPTY_BODY = YES;
				CLANG_WARN_ENUM_CONVERSION = YES;
				CLANG_WARN_INT_CONVERSION = YES;
				CLANG_WARN_OBJC_ROOT_CLASS = YES_ERROR;
				CLANG_WARN__DUPLICATE_METHOD_MATCH = YES;
				"CODE_SIGN_IDENTITY[sdk=iphoneos*]" = "iPhone Developer";
				COPY_PHASE_STRIP = YES;
				ENABLE_NS_ASSERTIONS = NO;
				GCC_C_LANGUAGE_STANDARD = gnu99;
				GCC_WARN_64_TO_32_BIT_CONVERSION = YES;
				GCC_WARN_ABOUT_RETURN_TYPE = YES_ERROR;
				GCC_WARN_UNDECLARED_SELECTOR = YES;
				GCC_WARN_UNINITIALIZED_AUTOS = YES_AGGRESSIVE;
				GCC_WARN_UNUSED_FUNCTION = YES;
				GCC_WARN_UNUSED_VARIABLE = YES;
				IPHONEOS_DEPLOYMENT_TARGET = 7.1;
				SDKROOT = iphoneos;
				VALIDATE_PRODUCT = YES;
			};
			name = Release;
		};
		D4B1DB591B0EB43300E08D12 /* Debug */ = {
			isa = XCBuildConfiguration;
			buildSettings = {
				ASSETCATALOG_COMPILER_APPICON_NAME = AppIcon;
				ASSETCATALOG_COMPILER_LAUNCHIMAGE_NAME = LaunchImage;
				GCC_PRECOMPILE_PREFIX_HEADER = YES;
				GCC_PREFIX_HEADER = "RegressionAnalytics/RegressionAnalytics-Prefix.pch";
				INFOPLIST_FILE = "RegressionAnalytics/RegressionAnalytics-Info.plist";
				IPHONEOS_DEPLOYMENT_TARGET = 6.1;
				PRODUCT_NAME = "$(TARGET_NAME)";
				WRAPPER_EXTENSION = app;
			};
			name = Debug;
		};
		D4B1DB5A1B0EB43300E08D12 /* Release */ = {
			isa = XCBuildConfiguration;
			buildSettings = {
				ASSETCATALOG_COMPILER_APPICON_NAME = AppIcon;
				ASSETCATALOG_COMPILER_LAUNCHIMAGE_NAME = LaunchImage;
				GCC_PRECOMPILE_PREFIX_HEADER = YES;
				GCC_PREFIX_HEADER = "RegressionAnalytics/RegressionAnalytics-Prefix.pch";
				INFOPLIST_FILE = "RegressionAnalytics/RegressionAnalytics-Info.plist";
				IPHONEOS_DEPLOYMENT_TARGET = 6.1;
				PRODUCT_NAME = "$(TARGET_NAME)";
				WRAPPER_EXTENSION = app;
			};
			name = Release;
		};
		D4B1DB5C1B0EB43300E08D12 /* Debug */ = {
			isa = XCBuildConfiguration;
			buildSettings = {
				BUNDLE_LOADER = "$(BUILT_PRODUCTS_DIR)/RegressionAnalytics.app/RegressionAnalytics";
				FRAMEWORK_SEARCH_PATHS = (
					"$(SDKROOT)/Developer/Library/Frameworks",
					"$(inherited)",
					"$(DEVELOPER_FRAMEWORKS_DIR)",
				);
				GCC_PRECOMPILE_PREFIX_HEADER = YES;
				GCC_PREFIX_HEADER = "RegressionAnalytics/RegressionAnalytics-Prefix.pch";
				GCC_PREPROCESSOR_DEFINITIONS = (
					"DEBUG=1",
					"$(inherited)",
				);
				INFOPLIST_FILE = "RegressionAnalyticsTests/RegressionAnalyticsTests-Info.plist";
				PRODUCT_NAME = "$(TARGET_NAME)";
				TEST_HOST = "$(BUNDLE_LOADER)";
				WRAPPER_EXTENSION = xctest;
			};
			name = Debug;
		};
		D4B1DB5D1B0EB43300E08D12 /* Release */ = {
			isa = XCBuildConfiguration;
			buildSettings = {
				BUNDLE_LOADER = "$(BUILT_PRODUCTS_DIR)/RegressionAnalytics.app/RegressionAnalytics";
				FRAMEWORK_SEARCH_PATHS = (
					"$(SDKROOT)/Developer/Library/Frameworks",
					"$(inherited)",
					"$(DEVELOPER_FRAMEWORKS_DIR)",
				);
				GCC_PRECOMPILE_PREFIX_HEADER = YES;
				GCC_PREFIX_HEADER = "RegressionAnalytics/RegressionAnalytics-Prefix.pch";
				INFOPLIST_FILE = "RegressionAnalyticsTests/RegressionAnalyticsTests-Info.plist";
				PRODUCT_NAME = "$(TARGET_NAME)";
				TEST_HOST = "$(BUNDLE_LOADER)";
				WRAPPER_EXTENSION = xctest;
			};
			name = Release;
		};
/* End XCBuildConfiguration section */

/* Begin XCConfigurationList section */
		D4B1DB1E1B0EB43300E08D12 /* Build configuration list for PBXProject "RegressionAnalytics" */ = {
			isa = XCConfigurationList;
			buildConfigurations = (
				D4B1DB561B0EB43300E08D12 /* Debug */,
				D4B1DB571B0EB43300E08D12 /* Release */,
			);
			defaultConfigurationIsVisible = 0;
			defaultConfigurationName = Release;
		};
		D4B1DB581B0EB43300E08D12 /* Build configuration list for PBXNativeTarget "RegressionAnalytics" */ = {
			isa = XCConfigurationList;
			buildConfigurations = (
				D4B1DB591B0EB43300E08D12 /* Debug */,
				D4B1DB5A1B0EB43300E08D12 /* Release */,
			);
			defaultConfigurationIsVisible = 0;
			defaultConfigurationName = Release;
		};
		D4B1DB5B1B0EB43300E08D12 /* Build configuration list for PBXNativeTarget "RegressionAnalyticsTests" */ = {
			isa = XCConfigurationList;
			buildConfigurations = (
				D4B1DB5C1B0EB43300E08D12 /* Debug */,
				D4B1DB5D1B0EB43300E08D12 /* Release */,
			);
			defaultConfigurationIsVisible = 0;
			defaultConfigurationName = Release;
		};
/* End XCConfigurationList section */
	};
	rootObject = D4B1DB1B1B0EB43300E08D12 /* Project object */;
}
